{
    "_readme": [
        "This file locks the dependencies of your project to a known state",
        "Read more about it at http://getcomposer.org/doc/01-basic-usage.md#composer-lock-the-lock-file",
        "This file is @generated automatically"
    ],
    "hash": "60a41a4ecbd5492f57dc97c1e21676ec",
    "packages": [
        {
            "name": "draugiem/draugiem-php-sdk",
            "version": "v1.3.5",
            "source": {
                "type": "git",
                "url": "https://github.com/Draugiem/draugiem-php-sdk.git",
                "reference": "44817ed92e12fbc88d865d983de9f361cd049c2a"
            },
            "dist": {
                "type": "zip",
                "url": "https://api.github.com/repos/Draugiem/draugiem-php-sdk/zipball/44817ed92e12fbc88d865d983de9f361cd049c2a",
                "reference": "44817ed92e12fbc88d865d983de9f361cd049c2a",
                "shasum": ""
            },
            "require": {
                "php": ">=5.3.0"
            },
            "type": "library",
            "extra": {
                "component": "package",
                "branch-alias": {
                    "dev-master": "1.3.x-dev"
                }
            },
            "autoload": {
                "files": [
                    "src/DraugiemApi.php"
                ]
            },
            "notification-url": "https://packagist.org/downloads/",
            "authors": [
                {
                    "name": "draugiem.lv"
                }
            ],
            "description": "Draugiem.lv API PHP library",
            "keywords": [
                "api",
                "draugiem",
                "draugiem.lv",
                "library",
                "php"
            ],
            "time": "2014-11-13 09:52:11"
        },
        {
            "name": "pimple/pimple",
            "version": "v3.0.0",
            "source": {
                "type": "git",
                "url": "https://github.com/silexphp/Pimple.git",
                "reference": "876bf0899d01feacd2a2e83f04641e51350099ef"
            },
            "dist": {
                "type": "zip",
                "url": "https://api.github.com/repos/silexphp/Pimple/zipball/876bf0899d01feacd2a2e83f04641e51350099ef",
                "reference": "876bf0899d01feacd2a2e83f04641e51350099ef",
                "shasum": ""
            },
            "require": {
                "php": ">=5.3.0"
            },
            "type": "library",
            "extra": {
                "branch-alias": {
                    "dev-master": "3.0.x-dev"
                }
            },
            "autoload": {
                "psr-0": {
                    "Pimple": "src/"
                }
            },
            "notification-url": "https://packagist.org/downloads/",
            "license": [
                "MIT"
            ],
            "authors": [
                {
                    "name": "Fabien Potencier",
                    "email": "fabien@symfony.com"
                }
            ],
            "description": "Pimple is a simple Dependency Injection Container for PHP 5.3",
            "homepage": "http://pimple.sensiolabs.org",
            "keywords": [
                "container",
                "dependency injection"
            ],
            "time": "2014-07-24 09:48:15"
        }
    ],
    "packages-dev": [],
    "aliases": [],
    "minimum-stability": "stable",
    "stability-flags": [],
    "prefer-stable": false,
    "prefer-lowest": false,
    "platform": [],
    "platform-dev": []
}
